
Microsoft Visual Studio Solution File, Format Version 12.00
# Visual Studio Version 17
VisualStudioVersion = 17.9.34728.123
MinimumVisualStudioVersion = 10.0.40219.1
Project("{2150E333-8FDC-42A3-9474-1A3956D46DE8}") = "src", "src", "{8EF84C9A-D582-4FDB-9A5A-1BC2B9E427EA}"
EndProject
Project("{2150E333-8FDC-42A3-9474-1A3956D46DE8}") = "Api", "Api", "{E09EDEB6-4ECD-4281-8431-C3806D75BF5A}"
EndProject
Project("{2150E333-8FDC-42A3-9474-1A3956D46DE8}") = "Clients", "Clients", "{15021D8D-FF56-4F42-A98A-40DE07BE8948}"
EndProject
Project("{2150E333-8FDC-42A3-9474-1A3956D46DE8}") = "Common", "Common", "{26D70657-2D87-455C-A9AB-0A06CAC54B72}"
EndProject
Project("{2150E333-8FDC-42A3-9474-1A3956D46DE8}") = "Projections", "Projections", "{A6D824F4-ACA7-4F02-806C-C052BF02CED9}"
EndProject
Project("{2150E333-8FDC-42A3-9474-1A3956D46DE8}") = "Core", "Core", "{76988DC4-6641-4216-9E1F-B3F65267B3FC}"
EndProject
Project("{2150E333-8FDC-42A3-9474-1A3956D46DE8}") = "Infrastructure", "Infrastructure", "{22104658-119D-4F4F-BC75-54684F34D5D9}"
EndProject
Project("{2150E333-8FDC-42A3-9474-1A3956D46DE8}") = "WebApi", "WebApi", "{23527A89-2794-4653-BBC4-2B8746366FEA}"
EndProject
Project("{2150E333-8FDC-42A3-9474-1A3956D46DE8}") = "BlazorWeb", "BlazorWeb", "{F3AF0D11-9A8B-4D18-B98A-1D4C65763930}"
EndProject
Project("{FAE04EC0-301F-11D3-BF4B-00C04F79EFBC}") = "BlazorSozluk.Common", "src\Common\BlazorSozluk.Common\BlazorSozluk.Common.csproj", "{D1FEF475-3629-44C5-8C48-4106DFA9B00B}"
EndProject
Project("{FAE04EC0-301F-11D3-BF4B-00C04F79EFBC}") = "BlazorSozluk.Api.Domain", "src\Api\Core\BlazorSozluk.Api.Domain\BlazorSozluk.Api.Domain.csproj", "{FEF9B1B2-0E88-4B28-BB7E-0BAA684BF72F}"
EndProject
Project("{FAE04EC0-301F-11D3-BF4B-00C04F79EFBC}") = "BlazorSozluk.Api.Application", "src\Api\Core\BlazorSozluk.Api.Application\BlazorSozluk.Api.Application.csproj", "{C51B1EB2-E36D-476F-9874-C5C0CA80A20D}"
EndProject
Project("{FAE04EC0-301F-11D3-BF4B-00C04F79EFBC}") = "BlazorSozluk.Infrastructure.Persistence", "src\Api\Infrastructure\BlazorSozluk.Infrastructure.Persistence\BlazorSozluk.Infrastructure.Persistence.csproj", "{5FF1A406-B003-44F9-8895-9D5CF930FC2C}"
EndProject
Project("{FAE04EC0-301F-11D3-BF4B-00C04F79EFBC}") = "BlazorSozluk.Api.WebApi", "src\Api\WebApi\BlazorSozluk.Api.WebApi\BlazorSozluk.Api.WebApi.csproj", "{8EEC1381-1D1A-4DF4-AD82-259183CF8727}"
EndProject
Project("{FAE04EC0-301F-11D3-BF4B-00C04F79EFBC}") = "BlazorSozluk.Projections.FavoriteService", "src\Projections\BlazorSozluk.Projections.FavoriteService\BlazorSozluk.Projections.FavoriteService.csproj", "{08AA9E3C-05DF-4630-8B1B-568E9F9DFC5B}"
EndProject
Project("{FAE04EC0-301F-11D3-BF4B-00C04F79EFBC}") = "BlazorSozluk.Projections.UserService", "src\Projections\BlazorSozluk.Projections.User\BlazorSozluk.Projections.UserService.csproj", "{611A5672-AD77-42FD-AE1F-A8DC087EBB9D}"
EndProject
Project("{FAE04EC0-301F-11D3-BF4B-00C04F79EFBC}") = "BlazorSozluk.Projections.VoteService", "src\Projections\BlazorSozluk.Projections.VoteService\BlazorSozluk.Projections.VoteService.csproj", "{712B9CB2-2601-4E6D-A56F-85A001B45D65}"
EndProject
Project("{FAE04EC0-301F-11D3-BF4B-00C04F79EFBC}") = "BlazorSozluk.WebApp", "src\Clients\BlazorWeb\BlazorSozluk.WebApp\BlazorSozluk.WebApp.csproj", "{D74F8B6D-2670-4DB1-9F5C-0BECE313FB6E}"
EndProject
Global
	GlobalSection(SolutionConfigurationPlatforms) = preSolution
		Debug|Any CPU = Debug|Any CPU
		Release|Any CPU = Release|Any CPU
	EndGlobalSection
	GlobalSection(ProjectConfigurationPlatforms) = postSolution
		{D1FEF475-3629-44C5-8C48-4106DFA9B00B}.Debug|Any CPU.ActiveCfg = Debug|Any CPU
		{D1FEF475-3629-44C5-8C48-4106DFA9B00B}.Debug|Any CPU.Build.0 = Debug|Any CPU
		{D1FEF475-3629-44C5-8C48-4106DFA9B00B}.Release|Any CPU.ActiveCfg = Release|Any CPU
		{D1FEF475-3629-44C5-8C48-4106DFA9B00B}.Release|Any CPU.Build.0 = Release|Any CPU
		{FEF9B1B2-0E88-4B28-BB7E-0BAA684BF72F}.Debug|Any CPU.ActiveCfg = Debug|Any CPU
		{FEF9B1B2-0E88-4B28-BB7E-0BAA684BF72F}.Debug|Any CPU.Build.0 = Debug|Any CPU
		{FEF9B1B2-0E88-4B28-BB7E-0BAA684BF72F}.Release|Any CPU.ActiveCfg = Release|Any CPU
		{FEF9B1B2-0E88-4B28-BB7E-0BAA684BF72F}.Release|Any CPU.Build.0 = Release|Any CPU
		{C51B1EB2-E36D-476F-9874-C5C0CA80A20D}.Debug|Any CPU.ActiveCfg = Debug|Any CPU
		{C51B1EB2-E36D-476F-9874-C5C0CA80A20D}.Debug|Any CPU.Build.0 = Debug|Any CPU
		{C51B1EB2-E36D-476F-9874-C5C0CA80A20D}.Release|Any CPU.ActiveCfg = Release|Any CPU
		{C51B1EB2-E36D-476F-9874-C5C0CA80A20D}.Release|Any CPU.Build.0 = Release|Any CPU
		{5FF1A406-B003-44F9-8895-9D5CF930FC2C}.Debug|Any CPU.ActiveCfg = Debug|Any CPU
		{5FF1A406-B003-44F9-8895-9D5CF930FC2C}.Debug|Any CPU.Build.0 = Debug|Any CPU
		{5FF1A406-B003-44F9-8895-9D5CF930FC2C}.Release|Any CPU.ActiveCfg = Release|Any CPU
		{5FF1A406-B003-44F9-8895-9D5CF930FC2C}.Release|Any CPU.Build.0 = Release|Any CPU
		{8EEC1381-1D1A-4DF4-AD82-259183CF8727}.Debug|Any CPU.ActiveCfg = Debug|Any CPU
		{8EEC1381-1D1A-4DF4-AD82-259183CF8727}.Debug|Any CPU.Build.0 = Debug|Any CPU
		{8EEC1381-1D1A-4DF4-AD82-259183CF8727}.Release|Any CPU.ActiveCfg = Release|Any CPU
		{8EEC1381-1D1A-4DF4-AD82-259183CF8727}.Release|Any CPU.Build.0 = Release|Any CPU
		{08AA9E3C-05DF-4630-8B1B-568E9F9DFC5B}.Debug|Any CPU.ActiveCfg = Debug|Any CPU
		{08AA9E3C-05DF-4630-8B1B-568E9F9DFC5B}.Debug|Any CPU.Build.0 = Debug|Any CPU
		{08AA9E3C-05DF-4630-8B1B-568E9F9DFC5B}.Release|Any CPU.ActiveCfg = Release|Any CPU
		{08AA9E3C-05DF-4630-8B1B-568E9F9DFC5B}.Release|Any CPU.Build.0 = Release|Any CPU
		{611A5672-AD77-42FD-AE1F-A8DC087EBB9D}.Debug|Any CPU.ActiveCfg = Debug|Any CPU
		{611A5672-AD77-42FD-AE1F-A8DC087EBB9D}.Debug|Any CPU.Build.0 = Debug|Any CPU
		{611A5672-AD77-42FD-AE1F-A8DC087EBB9D}.Release|Any CPU.ActiveCfg = Release|Any CPU
		{611A5672-AD77-42FD-AE1F-A8DC087EBB9D}.Release|Any CPU.Build.0 = Release|Any CPU
		{712B9CB2-2601-4E6D-A56F-85A001B45D65}.Debug|Any CPU.ActiveCfg = Debug|Any CPU
		{712B9CB2-2601-4E6D-A56F-85A001B45D65}.Debug|Any CPU.Build.0 = Debug|Any CPU
		{712B9CB2-2601-4E6D-A56F-85A001B45D65}.Release|Any CPU.ActiveCfg = Release|Any CPU
		{712B9CB2-2601-4E6D-A56F-85A001B45D65}.Release|Any CPU.Build.0 = Release|Any CPU
		{D74F8B6D-2670-4DB1-9F5C-0BECE313FB6E}.Debug|Any CPU.ActiveCfg = Debug|Any CPU
		{D74F8B6D-2670-4DB1-9F5C-0BECE313FB6E}.Debug|Any CPU.Build.0 = Debug|Any CPU
		{D74F8B6D-2670-4DB1-9F5C-0BECE313FB6E}.Release|Any CPU.ActiveCfg = Release|Any CPU
		{D74F8B6D-2670-4DB1-9F5C-0BECE313FB6E}.Release|Any CPU.Build.0 = Release|Any CPU
	EndGlobalSection
	GlobalSection(SolutionProperties) = preSolution
		HideSolutionNode = FALSE
	EndGlobalSection
	GlobalSection(NestedProjects) = preSolution
		{E09EDEB6-4ECD-4281-8431-C3806D75BF5A} = {8EF84C9A-D582-4FDB-9A5A-1BC2B9E427EA}
		{15021D8D-FF56-4F42-A98A-40DE07BE8948} = {8EF84C9A-D582-4FDB-9A5A-1BC2B9E427EA}
		{26D70657-2D87-455C-A9AB-0A06CAC54B72} = {8EF84C9A-D582-4FDB-9A5A-1BC2B9E427EA}
		{A6D824F4-ACA7-4F02-806C-C052BF02CED9} = {8EF84C9A-D582-4FDB-9A5A-1BC2B9E427EA}
		{76988DC4-6641-4216-9E1F-B3F65267B3FC} = {E09EDEB6-4ECD-4281-8431-C3806D75BF5A}
		{22104658-119D-4F4F-BC75-54684F34D5D9} = {E09EDEB6-4ECD-4281-8431-C3806D75BF5A}
		{23527A89-2794-4653-BBC4-2B8746366FEA} = {E09EDEB6-4ECD-4281-8431-C3806D75BF5A}
		{F3AF0D11-9A8B-4D18-B98A-1D4C65763930} = {15021D8D-FF56-4F42-A98A-40DE07BE8948}
		{D1FEF475-3629-44C5-8C48-4106DFA9B00B} = {26D70657-2D87-455C-A9AB-0A06CAC54B72}
		{FEF9B1B2-0E88-4B28-BB7E-0BAA684BF72F} = {76988DC4-6641-4216-9E1F-B3F65267B3FC}
		{C51B1EB2-E36D-476F-9874-C5C0CA80A20D} = {76988DC4-6641-4216-9E1F-B3F65267B3FC}
		{5FF1A406-B003-44F9-8895-9D5CF930FC2C} = {22104658-119D-4F4F-BC75-54684F34D5D9}
		{8EEC1381-1D1A-4DF4-AD82-259183CF8727} = {23527A89-2794-4653-BBC4-2B8746366FEA}
		{08AA9E3C-05DF-4630-8B1B-568E9F9DFC5B} = {A6D824F4-ACA7-4F02-806C-C052BF02CED9}
		{611A5672-AD77-42FD-AE1F-A8DC087EBB9D} = {A6D824F4-ACA7-4F02-806C-C052BF02CED9}
		{712B9CB2-2601-4E6D-A56F-85A001B45D65} = {A6D824F4-ACA7-4F02-806C-C052BF02CED9}
		{D74F8B6D-2670-4DB1-9F5C-0BECE313FB6E} = {F3AF0D11-9A8B-4D18-B98A-1D4C65763930}
	EndGlobalSection
	GlobalSection(ExtensibilityGlobals) = postSolution
		SolutionGuid = {21D95BF8-957E-44F4-ADDF-B7FFC1837AF4}
	EndGlobalSection
EndGlobal
